
Microsoft Visual Studio Solution File, Format Version 12.00
# Visual Studio Version 17
VisualStudioVersion = 17.5.002.0
MinimumVisualStudioVersion = 10.0.40219.1
Project("{9A19103F-16F7-4668-BE54-9A1E7A4F7556}") = "Upnp.Control.Infrastructure.UpnpDiscovery", "Upnp.Control.Infrastructure.UpnpDiscovery\Upnp.Control.Infrastructure.UpnpDiscovery.csproj", "{A2094C07-A221-44C6-B87A-47CFB925EC83}"
EndProject
Project("{9A19103F-16F7-4668-BE54-9A1E7A4F7556}") = "Upnp.Control.DataAccess", "Upnp.Control.DataAccess\Upnp.Control.DataAccess.csproj", "{EF6CC677-65D0-448C-9149-45A24987495A}"
EndProject
Project("{9A19103F-16F7-4668-BE54-9A1E7A4F7556}") = "Upnp.Control.Infrastructure.AspNetCore", "Upnp.Control.Infrastructure.AspNetCore\Upnp.Control.Infrastructure.AspNetCore.csproj", "{D055485D-C207-44C1-BD2A-409BAC629FEE}"
EndProject
Project("{9A19103F-16F7-4668-BE54-9A1E7A4F7556}") = "Upnp.Control.Infrastructure.AspNetCore.Api", "Upnp.Control.Infrastructure.AspNetCore.Api\Upnp.Control.Infrastructure.AspNetCore.Api.csproj", "{AC832208-AF49-43F5-B2BF-7A9B6A47843C}"
EndProject
Project("{9A19103F-16F7-4668-BE54-9A1E7A4F7556}") = "Upnp.Control.Models", "Upnp.Control.Models\Upnp.Control.Models.csproj", "{919CB7E9-C687-4354-997D-B5B6383BAD39}"
EndProject
Project("{9A19103F-16F7-4668-BE54-9A1E7A4F7556}") = "Upnp.Control.Services.Queries", "Upnp.Control.Services.Queries\Upnp.Control.Services.Queries.csproj", "{550506BF-6750-49B5-A80B-DE0D5F463924}"
EndProject
Project("{9A19103F-16F7-4668-BE54-9A1E7A4F7556}") = "Upnp.Control.Infrastructure.UpnpEvents", "Upnp.Control.Infrastructure.UpnpEvents\Upnp.Control.Infrastructure.UpnpEvents.csproj", "{A778B4EE-0125-4D87-98E2-FE73F2043D07}"
EndProject
Project("{9A19103F-16F7-4668-BE54-9A1E7A4F7556}") = "Upnp.Control.Infrastructure", "Upnp.Control.Infrastructure\Upnp.Control.Infrastructure.csproj", "{6BA2C2B4-6A41-48D2-9133-28EA20B3CD05}"
EndProject
Project("{9A19103F-16F7-4668-BE54-9A1E7A4F7556}") = "Upnp.Control.Web", "Upnp.Control.Web\Upnp.Control.Web.csproj", "{36DEC1B9-35A0-44ED-952C-2319C3700D28}"
EndProject
Project("{9A19103F-16F7-4668-BE54-9A1E7A4F7556}") = "Upnp.Control.Services.Commands", "Upnp.Control.Services.Commands\Upnp.Control.Services.Commands.csproj", "{887E4E0F-BBD2-4272-AE30-3F03CE7D6D5C}"
EndProject
Project("{9A19103F-16F7-4668-BE54-9A1E7A4F7556}") = "Upnp.Control.Infrastructure.PushNotifications", "Upnp.Control.Infrastructure.PushNotifications\Upnp.Control.Infrastructure.PushNotifications.csproj", "{7810E372-DD86-4B01-89FD-EB49F99F229B}"
EndProject
Project("{9A19103F-16F7-4668-BE54-9A1E7A4F7556}") = "Upnp.Control.Infrastructure.SignalR", "Upnp.Control.Infrastructure.SignalR\Upnp.Control.Infrastructure.SignalR.csproj", "{58135286-8EC7-406C-8CD7-C9621860AC6E}"
EndProject
Project("{9A19103F-16F7-4668-BE54-9A1E7A4F7556}") = "Upnp.Control.Models.PushNotifications", "Upnp.Control.Models.PushNotifications\Upnp.Control.Models.PushNotifications.csproj", "{62389683-8405-4698-A9EF-507F420C2EB7}"
EndProject
Project("{9A19103F-16F7-4668-BE54-9A1E7A4F7556}") = "Upnp.Control.Abstractions", "Upnp.Control.Abstractions\Upnp.Control.Abstractions.csproj", "{897AFBCB-DF63-46ED-82D8-AA105D23255A}"
EndProject
Project("{9A19103F-16F7-4668-BE54-9A1E7A4F7556}") = "Upnp.Control.Infrastructure.Upnp", "Upnp.Control.Infrastructure.Upnp\Upnp.Control.Infrastructure.Upnp.csproj", "{0EE4E80D-A7AA-48C5-8848-D169415A0618}"
EndProject
Project("{9A19103F-16F7-4668-BE54-9A1E7A4F7556}") = "Upnp.Control.Extensions", "Upnp.Control.Extensions\Upnp.Control.Extensions.csproj", "{880F234F-90EE-474B-B652-9DF95DE32F38}"
EndProject
Project("{2150E333-8FDC-42A3-9474-1A3956D46DE8}") = "IoT.Device", "IoT.Device", "{A52C98D8-2518-42F8-B6C4-2B0DE6F8491B}"
EndProject
Project("{9A19103F-16F7-4668-BE54-9A1E7A4F7556}") = "IoT.Device.Upnp", "IoT.Device\IoT.Device.Upnp\IoT.Device.Upnp.csproj", "{17C8DFD4-3E6A-4F65-A1DF-020D5952393C}"
EndProject
Project("{9A19103F-16F7-4668-BE54-9A1E7A4F7556}") = "IoT.Device.Upnp.Umi", "IoT.Device\IoT.Device.Upnp.Umi\IoT.Device.Upnp.Umi.csproj", "{67DC8F18-26F2-4971-B202-51A649CCED6E}"
EndProject
Project("{9A19103F-16F7-4668-BE54-9A1E7A4F7556}") = "IoT.Device", "IoT.Device\IoT.Device\IoT.Device.csproj", "{81745D97-810F-45C8-AC7F-AA9611122D80}"
EndProject
Project("{2150E333-8FDC-42A3-9474-1A3956D46DE8}") = "IoT.Protocol", "IoT.Protocol", "{2440C2B7-7E0B-417D-922F-B8DDE141996D}"
EndProject
Project("{9A19103F-16F7-4668-BE54-9A1E7A4F7556}") = "IoT.Protocol", "IoT.Device\IoT.Protocol\IoT.Protocol\IoT.Protocol.csproj", "{77FEEF92-089D-42B7-AD18-C433A7071D21}"
EndProject
Project("{9A19103F-16F7-4668-BE54-9A1E7A4F7556}") = "IoT.Protocol.Soap", "IoT.Device\IoT.Protocol\IoT.Protocol.Soap\IoT.Protocol.Soap.csproj", "{44939AD8-90E8-4AEC-871B-B84AD184B16C}"
EndProject
Project("{9A19103F-16F7-4668-BE54-9A1E7A4F7556}") = "IoT.Protocol.Upnp", "IoT.Device\IoT.Protocol\IoT.Protocol.Upnp\IoT.Protocol.Upnp.csproj", "{17296BD1-B6CA-4AD6-9195-128A2483513A}"
EndProject
Project("{2150E333-8FDC-42A3-9474-1A3956D46DE8}") = "System.Common", "System.Common", "{4E3466E8-BF1D-4C4F-B9A1-2544800A488D}"
EndProject
Project("{9A19103F-16F7-4668-BE54-9A1E7A4F7556}") = "System.Common", "IoT.Device\IoT.Protocol\System.Common\System.Common\System.Common.csproj", "{81DB0170-DC32-484B-B3A2-050ADD4D4366}"
EndProject
Project("{9A19103F-16F7-4668-BE54-9A1E7A4F7556}") = "System.Common.Net.Http", "IoT.Device\IoT.Protocol\System.Common\System.Common.Net.Http\System.Common.Net.Http.csproj", "{8DA8EF3A-F9D8-4574-94C5-CDE0C71E3C12}"
EndProject
Global
	GlobalSection(SolutionConfigurationPlatforms) = preSolution
		Debug|Any CPU = Debug|Any CPU
		Release|Any CPU = Release|Any CPU
	EndGlobalSection
	GlobalSection(ProjectConfigurationPlatforms) = postSolution
		{A2094C07-A221-44C6-B87A-47CFB925EC83}.Debug|Any CPU.ActiveCfg = Debug|Any CPU
		{A2094C07-A221-44C6-B87A-47CFB925EC83}.Debug|Any CPU.Build.0 = Debug|Any CPU
		{A2094C07-A221-44C6-B87A-47CFB925EC83}.Release|Any CPU.ActiveCfg = Release|Any CPU
		{A2094C07-A221-44C6-B87A-47CFB925EC83}.Release|Any CPU.Build.0 = Release|Any CPU
		{EF6CC677-65D0-448C-9149-45A24987495A}.Debug|Any CPU.ActiveCfg = Debug|Any CPU
		{EF6CC677-65D0-448C-9149-45A24987495A}.Debug|Any CPU.Build.0 = Debug|Any CPU
		{EF6CC677-65D0-448C-9149-45A24987495A}.Release|Any CPU.ActiveCfg = Release|Any CPU
		{EF6CC677-65D0-448C-9149-45A24987495A}.Release|Any CPU.Build.0 = Release|Any CPU
		{D055485D-C207-44C1-BD2A-409BAC629FEE}.Debug|Any CPU.ActiveCfg = Debug|Any CPU
		{D055485D-C207-44C1-BD2A-409BAC629FEE}.Debug|Any CPU.Build.0 = Debug|Any CPU
		{D055485D-C207-44C1-BD2A-409BAC629FEE}.Release|Any CPU.ActiveCfg = Release|Any CPU
		{D055485D-C207-44C1-BD2A-409BAC629FEE}.Release|Any CPU.Build.0 = Release|Any CPU
		{AC832208-AF49-43F5-B2BF-7A9B6A47843C}.Debug|Any CPU.ActiveCfg = Debug|Any CPU
		{AC832208-AF49-43F5-B2BF-7A9B6A47843C}.Debug|Any CPU.Build.0 = Debug|Any CPU
		{AC832208-AF49-43F5-B2BF-7A9B6A47843C}.Release|Any CPU.ActiveCfg = Release|Any CPU
		{AC832208-AF49-43F5-B2BF-7A9B6A47843C}.Release|Any CPU.Build.0 = Release|Any CPU
		{919CB7E9-C687-4354-997D-B5B6383BAD39}.Debug|Any CPU.ActiveCfg = Debug|Any CPU
		{919CB7E9-C687-4354-997D-B5B6383BAD39}.Debug|Any CPU.Build.0 = Debug|Any CPU
		{919CB7E9-C687-4354-997D-B5B6383BAD39}.Release|Any CPU.ActiveCfg = Release|Any CPU
		{919CB7E9-C687-4354-997D-B5B6383BAD39}.Release|Any CPU.Build.0 = Release|Any CPU
		{550506BF-6750-49B5-A80B-DE0D5F463924}.Debug|Any CPU.ActiveCfg = Debug|Any CPU
		{550506BF-6750-49B5-A80B-DE0D5F463924}.Debug|Any CPU.Build.0 = Debug|Any CPU
		{550506BF-6750-49B5-A80B-DE0D5F463924}.Release|Any CPU.ActiveCfg = Release|Any CPU
		{550506BF-6750-49B5-A80B-DE0D5F463924}.Release|Any CPU.Build.0 = Release|Any CPU
		{A778B4EE-0125-4D87-98E2-FE73F2043D07}.Debug|Any CPU.ActiveCfg = Debug|Any CPU
		{A778B4EE-0125-4D87-98E2-FE73F2043D07}.Debug|Any CPU.Build.0 = Debug|Any CPU
		{A778B4EE-0125-4D87-98E2-FE73F2043D07}.Release|Any CPU.ActiveCfg = Release|Any CPU
		{A778B4EE-0125-4D87-98E2-FE73F2043D07}.Release|Any CPU.Build.0 = Release|Any CPU
		{6BA2C2B4-6A41-48D2-9133-28EA20B3CD05}.Debug|Any CPU.ActiveCfg = Debug|Any CPU
		{6BA2C2B4-6A41-48D2-9133-28EA20B3CD05}.Debug|Any CPU.Build.0 = Debug|Any CPU
		{6BA2C2B4-6A41-48D2-9133-28EA20B3CD05}.Release|Any CPU.ActiveCfg = Release|Any CPU
		{6BA2C2B4-6A41-48D2-9133-28EA20B3CD05}.Release|Any CPU.Build.0 = Release|Any CPU
		{36DEC1B9-35A0-44ED-952C-2319C3700D28}.Debug|Any CPU.ActiveCfg = Debug|Any CPU
		{36DEC1B9-35A0-44ED-952C-2319C3700D28}.Debug|Any CPU.Build.0 = Debug|Any CPU
		{36DEC1B9-35A0-44ED-952C-2319C3700D28}.Release|Any CPU.ActiveCfg = Release|Any CPU
		{36DEC1B9-35A0-44ED-952C-2319C3700D28}.Release|Any CPU.Build.0 = Release|Any CPU
		{887E4E0F-BBD2-4272-AE30-3F03CE7D6D5C}.Debug|Any CPU.ActiveCfg = Debug|Any CPU
		{887E4E0F-BBD2-4272-AE30-3F03CE7D6D5C}.Debug|Any CPU.Build.0 = Debug|Any CPU
		{887E4E0F-BBD2-4272-AE30-3F03CE7D6D5C}.Release|Any CPU.ActiveCfg = Release|Any CPU
		{887E4E0F-BBD2-4272-AE30-3F03CE7D6D5C}.Release|Any CPU.Build.0 = Release|Any CPU
		{7810E372-DD86-4B01-89FD-EB49F99F229B}.Debug|Any CPU.ActiveCfg = Debug|Any CPU
		{7810E372-DD86-4B01-89FD-EB49F99F229B}.Debug|Any CPU.Build.0 = Debug|Any CPU
		{7810E372-DD86-4B01-89FD-EB49F99F229B}.Release|Any CPU.ActiveCfg = Release|Any CPU
		{7810E372-DD86-4B01-89FD-EB49F99F229B}.Release|Any CPU.Build.0 = Release|Any CPU
		{58135286-8EC7-406C-8CD7-C9621860AC6E}.Debug|Any CPU.ActiveCfg = Debug|Any CPU
		{58135286-8EC7-406C-8CD7-C9621860AC6E}.Debug|Any CPU.Build.0 = Debug|Any CPU
		{58135286-8EC7-406C-8CD7-C9621860AC6E}.Release|Any CPU.ActiveCfg = Release|Any CPU
		{58135286-8EC7-406C-8CD7-C9621860AC6E}.Release|Any CPU.Build.0 = Release|Any CPU
		{62389683-8405-4698-A9EF-507F420C2EB7}.Debug|Any CPU.ActiveCfg = Debug|Any CPU
		{62389683-8405-4698-A9EF-507F420C2EB7}.Debug|Any CPU.Build.0 = Debug|Any CPU
		{62389683-8405-4698-A9EF-507F420C2EB7}.Release|Any CPU.ActiveCfg = Release|Any CPU
		{62389683-8405-4698-A9EF-507F420C2EB7}.Release|Any CPU.Build.0 = Release|Any CPU
		{897AFBCB-DF63-46ED-82D8-AA105D23255A}.Debug|Any CPU.ActiveCfg = Debug|Any CPU
		{897AFBCB-DF63-46ED-82D8-AA105D23255A}.Debug|Any CPU.Build.0 = Debug|Any CPU
		{897AFBCB-DF63-46ED-82D8-AA105D23255A}.Release|Any CPU.ActiveCfg = Release|Any CPU
		{897AFBCB-DF63-46ED-82D8-AA105D23255A}.Release|Any CPU.Build.0 = Release|Any CPU
		{0EE4E80D-A7AA-48C5-8848-D169415A0618}.Debug|Any CPU.ActiveCfg = Debug|Any CPU
		{0EE4E80D-A7AA-48C5-8848-D169415A0618}.Debug|Any CPU.Build.0 = Debug|Any CPU
		{0EE4E80D-A7AA-48C5-8848-D169415A0618}.Release|Any CPU.ActiveCfg = Release|Any CPU
		{0EE4E80D-A7AA-48C5-8848-D169415A0618}.Release|Any CPU.Build.0 = Release|Any CPU
		{880F234F-90EE-474B-B652-9DF95DE32F38}.Debug|Any CPU.ActiveCfg = Debug|Any CPU
		{880F234F-90EE-474B-B652-9DF95DE32F38}.Debug|Any CPU.Build.0 = Debug|Any CPU
		{880F234F-90EE-474B-B652-9DF95DE32F38}.Release|Any CPU.ActiveCfg = Release|Any CPU
		{880F234F-90EE-474B-B652-9DF95DE32F38}.Release|Any CPU.Build.0 = Release|Any CPU
		{17C8DFD4-3E6A-4F65-A1DF-020D5952393C}.Debug|Any CPU.ActiveCfg = Debug|Any CPU
		{17C8DFD4-3E6A-4F65-A1DF-020D5952393C}.Debug|Any CPU.Build.0 = Debug|Any CPU
		{17C8DFD4-3E6A-4F65-A1DF-020D5952393C}.Release|Any CPU.ActiveCfg = Release|Any CPU
		{17C8DFD4-3E6A-4F65-A1DF-020D5952393C}.Release|Any CPU.Build.0 = Release|Any CPU
		{67DC8F18-26F2-4971-B202-51A649CCED6E}.Debug|Any CPU.ActiveCfg = Debug|Any CPU
		{67DC8F18-26F2-4971-B202-51A649CCED6E}.Debug|Any CPU.Build.0 = Debug|Any CPU
		{67DC8F18-26F2-4971-B202-51A649CCED6E}.Release|Any CPU.ActiveCfg = Release|Any CPU
		{67DC8F18-26F2-4971-B202-51A649CCED6E}.Release|Any CPU.Build.0 = Release|Any CPU
		{81745D97-810F-45C8-AC7F-AA9611122D80}.Debug|Any CPU.ActiveCfg = Debug|Any CPU
		{81745D97-810F-45C8-AC7F-AA9611122D80}.Debug|Any CPU.Build.0 = Debug|Any CPU
		{81745D97-810F-45C8-AC7F-AA9611122D80}.Release|Any CPU.ActiveCfg = Release|Any CPU
		{81745D97-810F-45C8-AC7F-AA9611122D80}.Release|Any CPU.Build.0 = Release|Any CPU
		{77FEEF92-089D-42B7-AD18-C433A7071D21}.Debug|Any CPU.ActiveCfg = Debug|Any CPU
		{77FEEF92-089D-42B7-AD18-C433A7071D21}.Debug|Any CPU.Build.0 = Debug|Any CPU
		{77FEEF92-089D-42B7-AD18-C433A7071D21}.Release|Any CPU.ActiveCfg = Release|Any CPU
		{77FEEF92-089D-42B7-AD18-C433A7071D21}.Release|Any CPU.Build.0 = Release|Any CPU
		{44939AD8-90E8-4AEC-871B-B84AD184B16C}.Debug|Any CPU.ActiveCfg = Debug|Any CPU
		{44939AD8-90E8-4AEC-871B-B84AD184B16C}.Debug|Any CPU.Build.0 = Debug|Any CPU
		{44939AD8-90E8-4AEC-871B-B84AD184B16C}.Release|Any CPU.ActiveCfg = Release|Any CPU
		{44939AD8-90E8-4AEC-871B-B84AD184B16C}.Release|Any CPU.Build.0 = Release|Any CPU
		{17296BD1-B6CA-4AD6-9195-128A2483513A}.Debug|Any CPU.ActiveCfg = Debug|Any CPU
		{17296BD1-B6CA-4AD6-9195-128A2483513A}.Debug|Any CPU.Build.0 = Debug|Any CPU
		{17296BD1-B6CA-4AD6-9195-128A2483513A}.Release|Any CPU.ActiveCfg = Release|Any CPU
		{17296BD1-B6CA-4AD6-9195-128A2483513A}.Release|Any CPU.Build.0 = Release|Any CPU
		{81DB0170-DC32-484B-B3A2-050ADD4D4366}.Debug|Any CPU.ActiveCfg = Debug|Any CPU
		{81DB0170-DC32-484B-B3A2-050ADD4D4366}.Debug|Any CPU.Build.0 = Debug|Any CPU
		{81DB0170-DC32-484B-B3A2-050ADD4D4366}.Release|Any CPU.ActiveCfg = Release|Any CPU
		{81DB0170-DC32-484B-B3A2-050ADD4D4366}.Release|Any CPU.Build.0 = Release|Any CPU
		{8DA8EF3A-F9D8-4574-94C5-CDE0C71E3C12}.Debug|Any CPU.ActiveCfg = Debug|Any CPU
		{8DA8EF3A-F9D8-4574-94C5-CDE0C71E3C12}.Debug|Any CPU.Build.0 = Debug|Any CPU
		{8DA8EF3A-F9D8-4574-94C5-CDE0C71E3C12}.Release|Any CPU.ActiveCfg = Release|Any CPU
		{8DA8EF3A-F9D8-4574-94C5-CDE0C71E3C12}.Release|Any CPU.Build.0 = Release|Any CPU
	EndGlobalSection
	GlobalSection(SolutionProperties) = preSolution
		HideSolutionNode = FALSE
	EndGlobalSection
	GlobalSection(NestedProjects) = preSolution
		{17C8DFD4-3E6A-4F65-A1DF-020D5952393C} = {A52C98D8-2518-42F8-B6C4-2B0DE6F8491B}
		{67DC8F18-26F2-4971-B202-51A649CCED6E} = {A52C98D8-2518-42F8-B6C4-2B0DE6F8491B}
		{81745D97-810F-45C8-AC7F-AA9611122D80} = {A52C98D8-2518-42F8-B6C4-2B0DE6F8491B}
		{2440C2B7-7E0B-417D-922F-B8DDE141996D} = {A52C98D8-2518-42F8-B6C4-2B0DE6F8491B}
		{77FEEF92-089D-42B7-AD18-C433A7071D21} = {2440C2B7-7E0B-417D-922F-B8DDE141996D}
		{44939AD8-90E8-4AEC-871B-B84AD184B16C} = {2440C2B7-7E0B-417D-922F-B8DDE141996D}
		{17296BD1-B6CA-4AD6-9195-128A2483513A} = {2440C2B7-7E0B-417D-922F-B8DDE141996D}
		{4E3466E8-BF1D-4C4F-B9A1-2544800A488D} = {2440C2B7-7E0B-417D-922F-B8DDE141996D}
		{81DB0170-DC32-484B-B3A2-050ADD4D4366} = {4E3466E8-BF1D-4C4F-B9A1-2544800A488D}
		{8DA8EF3A-F9D8-4574-94C5-CDE0C71E3C12} = {4E3466E8-BF1D-4C4F-B9A1-2544800A488D}
	EndGlobalSection
	GlobalSection(ExtensibilityGlobals) = postSolution
		SolutionGuid = {E1B25152-FCEF-47A1-A52B-A9EA163B548A}
	EndGlobalSection
EndGlobal
