
Microsoft Visual Studio Solution File, Format Version 12.00
# Visual Studio Version 16
VisualStudioVersion = 16.0.29613.14
MinimumVisualStudioVersion = 15.0.26124.0
Project("{9A19103F-16F7-4668-BE54-9A1E7A4F7556}") = "Web.Upnp.Control", "Web.Upnp.Control\Web.Upnp.Control.csproj", "{3C340B3D-CB80-49F5-9B8D-1A8D6E2D5E1C}"
EndProject
Project("{9A19103F-16F7-4668-BE54-9A1E7A4F7556}") = "IoT.Device.Upnp.Umi", "IoT.Device\IoT.Device.Upnp.Umi\IoT.Device.Upnp.Umi.csproj", "{00390516-AC19-499D-80B9-64230317E70C}"
EndProject
Project("{9A19103F-16F7-4668-BE54-9A1E7A4F7556}") = "IoT.Device.Upnp", "IoT.Device\IoT.Device.Upnp\IoT.Device.Upnp.csproj", "{1163FDF9-B1E3-466E-AADB-23AA3E88570F}"
EndProject
Project("{9A19103F-16F7-4668-BE54-9A1E7A4F7556}") = "IoT.Device", "IoT.Device\IoT.Device\IoT.Device.csproj", "{C4A285E3-3718-4609-A75E-8D8BD707AEB6}"
EndProject
Project("{9A19103F-16F7-4668-BE54-9A1E7A4F7556}") = "IoT.Protocol.Upnp", "IoT.Device\IoT.Protocol\IoT.Protocol.Upnp\IoT.Protocol.Upnp.csproj", "{6C679F2D-0796-4D1B-9352-6BB6F587E242}"
EndProject
Project("{9A19103F-16F7-4668-BE54-9A1E7A4F7556}") = "IoT.Protocol.Soap", "IoT.Device\IoT.Protocol\IoT.Protocol.Soap\IoT.Protocol.Soap.csproj", "{FE7E4BE1-E621-4EC9-B4A0-03CA9DF0055E}"
EndProject
Project("{9A19103F-16F7-4668-BE54-9A1E7A4F7556}") = "IoT.Protocol", "IoT.Device\IoT.Protocol\IoT.Protocol\IoT.Protocol.csproj", "{301DD90C-30EF-4365-90B3-703030968E7A}"
EndProject
Project("{9A19103F-16F7-4668-BE54-9A1E7A4F7556}") = "System.Common", "IoT.Device\IoT.Protocol\System.Common\System.Common\System.Common.csproj", "{5BBB8F59-B565-4BE7-B0D0-67713ABAB41F}"
EndProject
Project("{9A19103F-16F7-4668-BE54-9A1E7A4F7556}") = "System.Common.Net", "IoT.Device\IoT.Protocol\System.Common\System.Common.Net\System.Common.Net.csproj", "{60C8B0B6-24D1-42C4-A4DF-AD4DEA9BB4CD}"
EndProject
Project("{FAE04EC0-301F-11D3-BF4B-00C04F79EFBC}") = "Upnp.Control.Models", "Upnp.Control.Models\Upnp.Control.Models.csproj", "{387E152E-CC02-4B24-A855-2FE2F34ED672}"
EndProject
Project("{FAE04EC0-301F-11D3-BF4B-00C04F79EFBC}") = "Upnp.Control.Services", "Upnp.Control.Services\Upnp.Control.Services.csproj", "{853072CC-7BA1-4776-9CCD-0A836FD0C175}"
EndProject
Project("{FAE04EC0-301F-11D3-BF4B-00C04F79EFBC}") = "Upnp.Control.DataAccess", "Upnp.Control.DataAccess\Upnp.Control.DataAccess.csproj", "{514942F5-97B5-4AE8-8FB4-6693662FEDDF}"
EndProject
Project("{FAE04EC0-301F-11D3-BF4B-00C04F79EFBC}") = "Upnp.Control.Infrastructure.UpnpDiscovery", "Upnp.Control.Infrastructure.UpnpDiscovery\Upnp.Control.Infrastructure.UpnpDiscovery.csproj", "{88DA8A06-8E53-4368-89F1-8109AAC7A48E}"
EndProject
Project("{FAE04EC0-301F-11D3-BF4B-00C04F79EFBC}") = "Upnp.Control.Infrastructure.Middleware", "Upnp.Control.Infrastructure.Middleware\Upnp.Control.Infrastructure.Middleware.csproj", "{8BD6ED97-24D3-4824-ACF6-6CD8193EDDA8}"
EndProject
Project("{FAE04EC0-301F-11D3-BF4B-00C04F79EFBC}") = "Upnp.Control.Infrastructure.PushNotifications", "Upnp.Control.Infrastructure.PushNotifications\Upnp.Control.Infrastructure.PushNotifications.csproj", "{A3566FA2-6109-40C6-8F0A-365E3B43921B}"
EndProject
Project("{FAE04EC0-301F-11D3-BF4B-00C04F79EFBC}") = "Upnp.Control.Models.PushNotifications", "Upnp.Control.Models.PushNotifications\Upnp.Control.Models.PushNotifications.csproj", "{75DA5E12-2AFF-4E39-8918-BD333F808F47}"
EndProject
Project("{FAE04EC0-301F-11D3-BF4B-00C04F79EFBC}") = "Upnp.Control.Services.PushNotifications", "Upnp.Control.Services.PushNotifications\Upnp.Control.Services.PushNotifications.csproj", "{F13EFA73-B704-4627-B678-233A810D0BB9}"
EndProject
Project("{FAE04EC0-301F-11D3-BF4B-00C04F79EFBC}") = "Upnp.Control.Infrastructure.UpnpEvents", "Upnp.Control.Infrastructure.UpnpEvents\Upnp.Control.Infrastructure.UpnpEvents.csproj", "{EFF8DBEB-CEA6-45CE-ACDF-2BC03B4DF04F}"
EndProject
Project("{FAE04EC0-301F-11D3-BF4B-00C04F79EFBC}") = "Upnp.Control.Infrastructure.Upnp", "Upnp.Control.Infrastructure.Upnp\Upnp.Control.Infrastructure.Upnp.csproj", "{39692779-C3DA-4364-A210-6EE13F96850D}"
EndProject
Project("{2150E333-8FDC-42A3-9474-1A3956D46DE8}") = "Solution Items", "Solution Items", "{0216E868-52F5-4838-89E9-1900673E2A0F}"
	ProjectSection(SolutionItems) = preProject
		IoT.Device\IoT.Protocol\.editorconfig = IoT.Device\IoT.Protocol\.editorconfig
	EndProjectSection
EndProject
Global
	GlobalSection(SolutionConfigurationPlatforms) = preSolution
		Debug|Any CPU = Debug|Any CPU
		Debug|x64 = Debug|x64
		Debug|x86 = Debug|x86
		Release|Any CPU = Release|Any CPU
		Release|x64 = Release|x64
		Release|x86 = Release|x86
	EndGlobalSection
	GlobalSection(ProjectConfigurationPlatforms) = postSolution
		{3C340B3D-CB80-49F5-9B8D-1A8D6E2D5E1C}.Debug|Any CPU.ActiveCfg = Debug|Any CPU
		{3C340B3D-CB80-49F5-9B8D-1A8D6E2D5E1C}.Debug|Any CPU.Build.0 = Debug|Any CPU
		{3C340B3D-CB80-49F5-9B8D-1A8D6E2D5E1C}.Debug|x64.ActiveCfg = Debug|Any CPU
		{3C340B3D-CB80-49F5-9B8D-1A8D6E2D5E1C}.Debug|x64.Build.0 = Debug|Any CPU
		{3C340B3D-CB80-49F5-9B8D-1A8D6E2D5E1C}.Debug|x86.ActiveCfg = Debug|Any CPU
		{3C340B3D-CB80-49F5-9B8D-1A8D6E2D5E1C}.Debug|x86.Build.0 = Debug|Any CPU
		{3C340B3D-CB80-49F5-9B8D-1A8D6E2D5E1C}.Release|Any CPU.ActiveCfg = Release|Any CPU
		{3C340B3D-CB80-49F5-9B8D-1A8D6E2D5E1C}.Release|Any CPU.Build.0 = Release|Any CPU
		{3C340B3D-CB80-49F5-9B8D-1A8D6E2D5E1C}.Release|x64.ActiveCfg = Release|Any CPU
		{3C340B3D-CB80-49F5-9B8D-1A8D6E2D5E1C}.Release|x64.Build.0 = Release|Any CPU
		{3C340B3D-CB80-49F5-9B8D-1A8D6E2D5E1C}.Release|x86.ActiveCfg = Release|Any CPU
		{3C340B3D-CB80-49F5-9B8D-1A8D6E2D5E1C}.Release|x86.Build.0 = Release|Any CPU
		{00390516-AC19-499D-80B9-64230317E70C}.Debug|Any CPU.ActiveCfg = Debug|Any CPU
		{00390516-AC19-499D-80B9-64230317E70C}.Debug|Any CPU.Build.0 = Debug|Any CPU
		{00390516-AC19-499D-80B9-64230317E70C}.Debug|x64.ActiveCfg = Debug|Any CPU
		{00390516-AC19-499D-80B9-64230317E70C}.Debug|x64.Build.0 = Debug|Any CPU
		{00390516-AC19-499D-80B9-64230317E70C}.Debug|x86.ActiveCfg = Debug|Any CPU
		{00390516-AC19-499D-80B9-64230317E70C}.Debug|x86.Build.0 = Debug|Any CPU
		{00390516-AC19-499D-80B9-64230317E70C}.Release|Any CPU.ActiveCfg = Release|Any CPU
		{00390516-AC19-499D-80B9-64230317E70C}.Release|Any CPU.Build.0 = Release|Any CPU
		{00390516-AC19-499D-80B9-64230317E70C}.Release|x64.ActiveCfg = Release|Any CPU
		{00390516-AC19-499D-80B9-64230317E70C}.Release|x64.Build.0 = Release|Any CPU
		{00390516-AC19-499D-80B9-64230317E70C}.Release|x86.ActiveCfg = Release|Any CPU
		{00390516-AC19-499D-80B9-64230317E70C}.Release|x86.Build.0 = Release|Any CPU
		{1163FDF9-B1E3-466E-AADB-23AA3E88570F}.Debug|Any CPU.ActiveCfg = Debug|Any CPU
		{1163FDF9-B1E3-466E-AADB-23AA3E88570F}.Debug|Any CPU.Build.0 = Debug|Any CPU
		{1163FDF9-B1E3-466E-AADB-23AA3E88570F}.Debug|x64.ActiveCfg = Debug|Any CPU
		{1163FDF9-B1E3-466E-AADB-23AA3E88570F}.Debug|x64.Build.0 = Debug|Any CPU
		{1163FDF9-B1E3-466E-AADB-23AA3E88570F}.Debug|x86.ActiveCfg = Debug|Any CPU
		{1163FDF9-B1E3-466E-AADB-23AA3E88570F}.Debug|x86.Build.0 = Debug|Any CPU
		{1163FDF9-B1E3-466E-AADB-23AA3E88570F}.Release|Any CPU.ActiveCfg = Release|Any CPU
		{1163FDF9-B1E3-466E-AADB-23AA3E88570F}.Release|Any CPU.Build.0 = Release|Any CPU
		{1163FDF9-B1E3-466E-AADB-23AA3E88570F}.Release|x64.ActiveCfg = Release|Any CPU
		{1163FDF9-B1E3-466E-AADB-23AA3E88570F}.Release|x64.Build.0 = Release|Any CPU
		{1163FDF9-B1E3-466E-AADB-23AA3E88570F}.Release|x86.ActiveCfg = Release|Any CPU
		{1163FDF9-B1E3-466E-AADB-23AA3E88570F}.Release|x86.Build.0 = Release|Any CPU
		{C4A285E3-3718-4609-A75E-8D8BD707AEB6}.Debug|Any CPU.ActiveCfg = Debug|Any CPU
		{C4A285E3-3718-4609-A75E-8D8BD707AEB6}.Debug|Any CPU.Build.0 = Debug|Any CPU
		{C4A285E3-3718-4609-A75E-8D8BD707AEB6}.Debug|x64.ActiveCfg = Debug|Any CPU
		{C4A285E3-3718-4609-A75E-8D8BD707AEB6}.Debug|x64.Build.0 = Debug|Any CPU
		{C4A285E3-3718-4609-A75E-8D8BD707AEB6}.Debug|x86.ActiveCfg = Debug|Any CPU
		{C4A285E3-3718-4609-A75E-8D8BD707AEB6}.Debug|x86.Build.0 = Debug|Any CPU
		{C4A285E3-3718-4609-A75E-8D8BD707AEB6}.Release|Any CPU.ActiveCfg = Release|Any CPU
		{C4A285E3-3718-4609-A75E-8D8BD707AEB6}.Release|Any CPU.Build.0 = Release|Any CPU
		{C4A285E3-3718-4609-A75E-8D8BD707AEB6}.Release|x64.ActiveCfg = Release|Any CPU
		{C4A285E3-3718-4609-A75E-8D8BD707AEB6}.Release|x64.Build.0 = Release|Any CPU
		{C4A285E3-3718-4609-A75E-8D8BD707AEB6}.Release|x86.ActiveCfg = Release|Any CPU
		{C4A285E3-3718-4609-A75E-8D8BD707AEB6}.Release|x86.Build.0 = Release|Any CPU
		{6C679F2D-0796-4D1B-9352-6BB6F587E242}.Debug|Any CPU.ActiveCfg = Debug|Any CPU
		{6C679F2D-0796-4D1B-9352-6BB6F587E242}.Debug|Any CPU.Build.0 = Debug|Any CPU
		{6C679F2D-0796-4D1B-9352-6BB6F587E242}.Debug|x64.ActiveCfg = Debug|Any CPU
		{6C679F2D-0796-4D1B-9352-6BB6F587E242}.Debug|x64.Build.0 = Debug|Any CPU
		{6C679F2D-0796-4D1B-9352-6BB6F587E242}.Debug|x86.ActiveCfg = Debug|Any CPU
		{6C679F2D-0796-4D1B-9352-6BB6F587E242}.Debug|x86.Build.0 = Debug|Any CPU
		{6C679F2D-0796-4D1B-9352-6BB6F587E242}.Release|Any CPU.ActiveCfg = Release|Any CPU
		{6C679F2D-0796-4D1B-9352-6BB6F587E242}.Release|Any CPU.Build.0 = Release|Any CPU
		{6C679F2D-0796-4D1B-9352-6BB6F587E242}.Release|x64.ActiveCfg = Release|Any CPU
		{6C679F2D-0796-4D1B-9352-6BB6F587E242}.Release|x64.Build.0 = Release|Any CPU
		{6C679F2D-0796-4D1B-9352-6BB6F587E242}.Release|x86.ActiveCfg = Release|Any CPU
		{6C679F2D-0796-4D1B-9352-6BB6F587E242}.Release|x86.Build.0 = Release|Any CPU
		{FE7E4BE1-E621-4EC9-B4A0-03CA9DF0055E}.Debug|Any CPU.ActiveCfg = Debug|Any CPU
		{FE7E4BE1-E621-4EC9-B4A0-03CA9DF0055E}.Debug|Any CPU.Build.0 = Debug|Any CPU
		{FE7E4BE1-E621-4EC9-B4A0-03CA9DF0055E}.Debug|x64.ActiveCfg = Debug|Any CPU
		{FE7E4BE1-E621-4EC9-B4A0-03CA9DF0055E}.Debug|x64.Build.0 = Debug|Any CPU
		{FE7E4BE1-E621-4EC9-B4A0-03CA9DF0055E}.Debug|x86.ActiveCfg = Debug|Any CPU
		{FE7E4BE1-E621-4EC9-B4A0-03CA9DF0055E}.Debug|x86.Build.0 = Debug|Any CPU
		{FE7E4BE1-E621-4EC9-B4A0-03CA9DF0055E}.Release|Any CPU.ActiveCfg = Release|Any CPU
		{FE7E4BE1-E621-4EC9-B4A0-03CA9DF0055E}.Release|Any CPU.Build.0 = Release|Any CPU
		{FE7E4BE1-E621-4EC9-B4A0-03CA9DF0055E}.Release|x64.ActiveCfg = Release|Any CPU
		{FE7E4BE1-E621-4EC9-B4A0-03CA9DF0055E}.Release|x64.Build.0 = Release|Any CPU
		{FE7E4BE1-E621-4EC9-B4A0-03CA9DF0055E}.Release|x86.ActiveCfg = Release|Any CPU
		{FE7E4BE1-E621-4EC9-B4A0-03CA9DF0055E}.Release|x86.Build.0 = Release|Any CPU
		{301DD90C-30EF-4365-90B3-703030968E7A}.Debug|Any CPU.ActiveCfg = Debug|Any CPU
		{301DD90C-30EF-4365-90B3-703030968E7A}.Debug|Any CPU.Build.0 = Debug|Any CPU
		{301DD90C-30EF-4365-90B3-703030968E7A}.Debug|x64.ActiveCfg = Debug|Any CPU
		{301DD90C-30EF-4365-90B3-703030968E7A}.Debug|x64.Build.0 = Debug|Any CPU
		{301DD90C-30EF-4365-90B3-703030968E7A}.Debug|x86.ActiveCfg = Debug|Any CPU
		{301DD90C-30EF-4365-90B3-703030968E7A}.Debug|x86.Build.0 = Debug|Any CPU
		{301DD90C-30EF-4365-90B3-703030968E7A}.Release|Any CPU.ActiveCfg = Release|Any CPU
		{301DD90C-30EF-4365-90B3-703030968E7A}.Release|Any CPU.Build.0 = Release|Any CPU
		{301DD90C-30EF-4365-90B3-703030968E7A}.Release|x64.ActiveCfg = Release|Any CPU
		{301DD90C-30EF-4365-90B3-703030968E7A}.Release|x64.Build.0 = Release|Any CPU
		{301DD90C-30EF-4365-90B3-703030968E7A}.Release|x86.ActiveCfg = Release|Any CPU
		{301DD90C-30EF-4365-90B3-703030968E7A}.Release|x86.Build.0 = Release|Any CPU
		{5BBB8F59-B565-4BE7-B0D0-67713ABAB41F}.Debug|Any CPU.ActiveCfg = Debug|Any CPU
		{5BBB8F59-B565-4BE7-B0D0-67713ABAB41F}.Debug|Any CPU.Build.0 = Debug|Any CPU
		{5BBB8F59-B565-4BE7-B0D0-67713ABAB41F}.Debug|x64.ActiveCfg = Debug|Any CPU
		{5BBB8F59-B565-4BE7-B0D0-67713ABAB41F}.Debug|x64.Build.0 = Debug|Any CPU
		{5BBB8F59-B565-4BE7-B0D0-67713ABAB41F}.Debug|x86.ActiveCfg = Debug|Any CPU
		{5BBB8F59-B565-4BE7-B0D0-67713ABAB41F}.Debug|x86.Build.0 = Debug|Any CPU
		{5BBB8F59-B565-4BE7-B0D0-67713ABAB41F}.Release|Any CPU.ActiveCfg = Release|Any CPU
		{5BBB8F59-B565-4BE7-B0D0-67713ABAB41F}.Release|Any CPU.Build.0 = Release|Any CPU
		{5BBB8F59-B565-4BE7-B0D0-67713ABAB41F}.Release|x64.ActiveCfg = Release|Any CPU
		{5BBB8F59-B565-4BE7-B0D0-67713ABAB41F}.Release|x64.Build.0 = Release|Any CPU
		{5BBB8F59-B565-4BE7-B0D0-67713ABAB41F}.Release|x86.ActiveCfg = Release|Any CPU
		{5BBB8F59-B565-4BE7-B0D0-67713ABAB41F}.Release|x86.Build.0 = Release|Any CPU
		{60C8B0B6-24D1-42C4-A4DF-AD4DEA9BB4CD}.Debug|Any CPU.ActiveCfg = Debug|Any CPU
		{60C8B0B6-24D1-42C4-A4DF-AD4DEA9BB4CD}.Debug|Any CPU.Build.0 = Debug|Any CPU
		{60C8B0B6-24D1-42C4-A4DF-AD4DEA9BB4CD}.Debug|x64.ActiveCfg = Debug|Any CPU
		{60C8B0B6-24D1-42C4-A4DF-AD4DEA9BB4CD}.Debug|x64.Build.0 = Debug|Any CPU
		{60C8B0B6-24D1-42C4-A4DF-AD4DEA9BB4CD}.Debug|x86.ActiveCfg = Debug|Any CPU
		{60C8B0B6-24D1-42C4-A4DF-AD4DEA9BB4CD}.Debug|x86.Build.0 = Debug|Any CPU
		{60C8B0B6-24D1-42C4-A4DF-AD4DEA9BB4CD}.Release|Any CPU.ActiveCfg = Release|Any CPU
		{60C8B0B6-24D1-42C4-A4DF-AD4DEA9BB4CD}.Release|Any CPU.Build.0 = Release|Any CPU
		{60C8B0B6-24D1-42C4-A4DF-AD4DEA9BB4CD}.Release|x64.ActiveCfg = Release|Any CPU
		{60C8B0B6-24D1-42C4-A4DF-AD4DEA9BB4CD}.Release|x64.Build.0 = Release|Any CPU
		{60C8B0B6-24D1-42C4-A4DF-AD4DEA9BB4CD}.Release|x86.ActiveCfg = Release|Any CPU
		{60C8B0B6-24D1-42C4-A4DF-AD4DEA9BB4CD}.Release|x86.Build.0 = Release|Any CPU
		{387E152E-CC02-4B24-A855-2FE2F34ED672}.Debug|Any CPU.ActiveCfg = Debug|Any CPU
		{387E152E-CC02-4B24-A855-2FE2F34ED672}.Debug|Any CPU.Build.0 = Debug|Any CPU
		{387E152E-CC02-4B24-A855-2FE2F34ED672}.Debug|x64.ActiveCfg = Debug|Any CPU
		{387E152E-CC02-4B24-A855-2FE2F34ED672}.Debug|x64.Build.0 = Debug|Any CPU
		{387E152E-CC02-4B24-A855-2FE2F34ED672}.Debug|x86.ActiveCfg = Debug|Any CPU
		{387E152E-CC02-4B24-A855-2FE2F34ED672}.Debug|x86.Build.0 = Debug|Any CPU
		{387E152E-CC02-4B24-A855-2FE2F34ED672}.Release|Any CPU.ActiveCfg = Release|Any CPU
		{387E152E-CC02-4B24-A855-2FE2F34ED672}.Release|Any CPU.Build.0 = Release|Any CPU
		{387E152E-CC02-4B24-A855-2FE2F34ED672}.Release|x64.ActiveCfg = Release|Any CPU
		{387E152E-CC02-4B24-A855-2FE2F34ED672}.Release|x64.Build.0 = Release|Any CPU
		{387E152E-CC02-4B24-A855-2FE2F34ED672}.Release|x86.ActiveCfg = Release|Any CPU
		{387E152E-CC02-4B24-A855-2FE2F34ED672}.Release|x86.Build.0 = Release|Any CPU
		{853072CC-7BA1-4776-9CCD-0A836FD0C175}.Debug|Any CPU.ActiveCfg = Debug|Any CPU
		{853072CC-7BA1-4776-9CCD-0A836FD0C175}.Debug|Any CPU.Build.0 = Debug|Any CPU
		{853072CC-7BA1-4776-9CCD-0A836FD0C175}.Debug|x64.ActiveCfg = Debug|Any CPU
		{853072CC-7BA1-4776-9CCD-0A836FD0C175}.Debug|x64.Build.0 = Debug|Any CPU
		{853072CC-7BA1-4776-9CCD-0A836FD0C175}.Debug|x86.ActiveCfg = Debug|Any CPU
		{853072CC-7BA1-4776-9CCD-0A836FD0C175}.Debug|x86.Build.0 = Debug|Any CPU
		{853072CC-7BA1-4776-9CCD-0A836FD0C175}.Release|Any CPU.ActiveCfg = Release|Any CPU
		{853072CC-7BA1-4776-9CCD-0A836FD0C175}.Release|Any CPU.Build.0 = Release|Any CPU
		{853072CC-7BA1-4776-9CCD-0A836FD0C175}.Release|x64.ActiveCfg = Release|Any CPU
		{853072CC-7BA1-4776-9CCD-0A836FD0C175}.Release|x64.Build.0 = Release|Any CPU
		{853072CC-7BA1-4776-9CCD-0A836FD0C175}.Release|x86.ActiveCfg = Release|Any CPU
		{853072CC-7BA1-4776-9CCD-0A836FD0C175}.Release|x86.Build.0 = Release|Any CPU
		{514942F5-97B5-4AE8-8FB4-6693662FEDDF}.Debug|Any CPU.ActiveCfg = Debug|Any CPU
		{514942F5-97B5-4AE8-8FB4-6693662FEDDF}.Debug|Any CPU.Build.0 = Debug|Any CPU
		{514942F5-97B5-4AE8-8FB4-6693662FEDDF}.Debug|x64.ActiveCfg = Debug|Any CPU
		{514942F5-97B5-4AE8-8FB4-6693662FEDDF}.Debug|x64.Build.0 = Debug|Any CPU
		{514942F5-97B5-4AE8-8FB4-6693662FEDDF}.Debug|x86.ActiveCfg = Debug|Any CPU
		{514942F5-97B5-4AE8-8FB4-6693662FEDDF}.Debug|x86.Build.0 = Debug|Any CPU
		{514942F5-97B5-4AE8-8FB4-6693662FEDDF}.Release|Any CPU.ActiveCfg = Release|Any CPU
		{514942F5-97B5-4AE8-8FB4-6693662FEDDF}.Release|Any CPU.Build.0 = Release|Any CPU
		{514942F5-97B5-4AE8-8FB4-6693662FEDDF}.Release|x64.ActiveCfg = Release|Any CPU
		{514942F5-97B5-4AE8-8FB4-6693662FEDDF}.Release|x64.Build.0 = Release|Any CPU
		{514942F5-97B5-4AE8-8FB4-6693662FEDDF}.Release|x86.ActiveCfg = Release|Any CPU
		{514942F5-97B5-4AE8-8FB4-6693662FEDDF}.Release|x86.Build.0 = Release|Any CPU
		{88DA8A06-8E53-4368-89F1-8109AAC7A48E}.Debug|Any CPU.ActiveCfg = Debug|Any CPU
		{88DA8A06-8E53-4368-89F1-8109AAC7A48E}.Debug|Any CPU.Build.0 = Debug|Any CPU
		{88DA8A06-8E53-4368-89F1-8109AAC7A48E}.Debug|x64.ActiveCfg = Debug|Any CPU
		{88DA8A06-8E53-4368-89F1-8109AAC7A48E}.Debug|x64.Build.0 = Debug|Any CPU
		{88DA8A06-8E53-4368-89F1-8109AAC7A48E}.Debug|x86.ActiveCfg = Debug|Any CPU
		{88DA8A06-8E53-4368-89F1-8109AAC7A48E}.Debug|x86.Build.0 = Debug|Any CPU
		{88DA8A06-8E53-4368-89F1-8109AAC7A48E}.Release|Any CPU.ActiveCfg = Release|Any CPU
		{88DA8A06-8E53-4368-89F1-8109AAC7A48E}.Release|Any CPU.Build.0 = Release|Any CPU
		{88DA8A06-8E53-4368-89F1-8109AAC7A48E}.Release|x64.ActiveCfg = Release|Any CPU
		{88DA8A06-8E53-4368-89F1-8109AAC7A48E}.Release|x64.Build.0 = Release|Any CPU
		{88DA8A06-8E53-4368-89F1-8109AAC7A48E}.Release|x86.ActiveCfg = Release|Any CPU
		{88DA8A06-8E53-4368-89F1-8109AAC7A48E}.Release|x86.Build.0 = Release|Any CPU
		{8BD6ED97-24D3-4824-ACF6-6CD8193EDDA8}.Debug|Any CPU.ActiveCfg = Debug|Any CPU
		{8BD6ED97-24D3-4824-ACF6-6CD8193EDDA8}.Debug|Any CPU.Build.0 = Debug|Any CPU
		{8BD6ED97-24D3-4824-ACF6-6CD8193EDDA8}.Debug|x64.ActiveCfg = Debug|Any CPU
		{8BD6ED97-24D3-4824-ACF6-6CD8193EDDA8}.Debug|x64.Build.0 = Debug|Any CPU
		{8BD6ED97-24D3-4824-ACF6-6CD8193EDDA8}.Debug|x86.ActiveCfg = Debug|Any CPU
		{8BD6ED97-24D3-4824-ACF6-6CD8193EDDA8}.Debug|x86.Build.0 = Debug|Any CPU
		{8BD6ED97-24D3-4824-ACF6-6CD8193EDDA8}.Release|Any CPU.ActiveCfg = Release|Any CPU
		{8BD6ED97-24D3-4824-ACF6-6CD8193EDDA8}.Release|Any CPU.Build.0 = Release|Any CPU
		{8BD6ED97-24D3-4824-ACF6-6CD8193EDDA8}.Release|x64.ActiveCfg = Release|Any CPU
		{8BD6ED97-24D3-4824-ACF6-6CD8193EDDA8}.Release|x64.Build.0 = Release|Any CPU
		{8BD6ED97-24D3-4824-ACF6-6CD8193EDDA8}.Release|x86.ActiveCfg = Release|Any CPU
		{8BD6ED97-24D3-4824-ACF6-6CD8193EDDA8}.Release|x86.Build.0 = Release|Any CPU
		{A3566FA2-6109-40C6-8F0A-365E3B43921B}.Debug|Any CPU.ActiveCfg = Debug|Any CPU
		{A3566FA2-6109-40C6-8F0A-365E3B43921B}.Debug|Any CPU.Build.0 = Debug|Any CPU
		{A3566FA2-6109-40C6-8F0A-365E3B43921B}.Debug|x64.ActiveCfg = Debug|Any CPU
		{A3566FA2-6109-40C6-8F0A-365E3B43921B}.Debug|x64.Build.0 = Debug|Any CPU
		{A3566FA2-6109-40C6-8F0A-365E3B43921B}.Debug|x86.ActiveCfg = Debug|Any CPU
		{A3566FA2-6109-40C6-8F0A-365E3B43921B}.Debug|x86.Build.0 = Debug|Any CPU
		{A3566FA2-6109-40C6-8F0A-365E3B43921B}.Release|Any CPU.ActiveCfg = Release|Any CPU
		{A3566FA2-6109-40C6-8F0A-365E3B43921B}.Release|Any CPU.Build.0 = Release|Any CPU
		{A3566FA2-6109-40C6-8F0A-365E3B43921B}.Release|x64.ActiveCfg = Release|Any CPU
		{A3566FA2-6109-40C6-8F0A-365E3B43921B}.Release|x64.Build.0 = Release|Any CPU
		{A3566FA2-6109-40C6-8F0A-365E3B43921B}.Release|x86.ActiveCfg = Release|Any CPU
		{A3566FA2-6109-40C6-8F0A-365E3B43921B}.Release|x86.Build.0 = Release|Any CPU
		{75DA5E12-2AFF-4E39-8918-BD333F808F47}.Debug|Any CPU.ActiveCfg = Debug|Any CPU
		{75DA5E12-2AFF-4E39-8918-BD333F808F47}.Debug|Any CPU.Build.0 = Debug|Any CPU
		{75DA5E12-2AFF-4E39-8918-BD333F808F47}.Debug|x64.ActiveCfg = Debug|Any CPU
		{75DA5E12-2AFF-4E39-8918-BD333F808F47}.Debug|x64.Build.0 = Debug|Any CPU
		{75DA5E12-2AFF-4E39-8918-BD333F808F47}.Debug|x86.ActiveCfg = Debug|Any CPU
		{75DA5E12-2AFF-4E39-8918-BD333F808F47}.Debug|x86.Build.0 = Debug|Any CPU
		{75DA5E12-2AFF-4E39-8918-BD333F808F47}.Release|Any CPU.ActiveCfg = Release|Any CPU
		{75DA5E12-2AFF-4E39-8918-BD333F808F47}.Release|Any CPU.Build.0 = Release|Any CPU
		{75DA5E12-2AFF-4E39-8918-BD333F808F47}.Release|x64.ActiveCfg = Release|Any CPU
		{75DA5E12-2AFF-4E39-8918-BD333F808F47}.Release|x64.Build.0 = Release|Any CPU
		{75DA5E12-2AFF-4E39-8918-BD333F808F47}.Release|x86.ActiveCfg = Release|Any CPU
		{75DA5E12-2AFF-4E39-8918-BD333F808F47}.Release|x86.Build.0 = Release|Any CPU
		{F13EFA73-B704-4627-B678-233A810D0BB9}.Debug|Any CPU.ActiveCfg = Debug|Any CPU
		{F13EFA73-B704-4627-B678-233A810D0BB9}.Debug|Any CPU.Build.0 = Debug|Any CPU
		{F13EFA73-B704-4627-B678-233A810D0BB9}.Debug|x64.ActiveCfg = Debug|Any CPU
		{F13EFA73-B704-4627-B678-233A810D0BB9}.Debug|x64.Build.0 = Debug|Any CPU
		{F13EFA73-B704-4627-B678-233A810D0BB9}.Debug|x86.ActiveCfg = Debug|Any CPU
		{F13EFA73-B704-4627-B678-233A810D0BB9}.Debug|x86.Build.0 = Debug|Any CPU
		{F13EFA73-B704-4627-B678-233A810D0BB9}.Release|Any CPU.ActiveCfg = Release|Any CPU
		{F13EFA73-B704-4627-B678-233A810D0BB9}.Release|Any CPU.Build.0 = Release|Any CPU
		{F13EFA73-B704-4627-B678-233A810D0BB9}.Release|x64.ActiveCfg = Release|Any CPU
		{F13EFA73-B704-4627-B678-233A810D0BB9}.Release|x64.Build.0 = Release|Any CPU
		{F13EFA73-B704-4627-B678-233A810D0BB9}.Release|x86.ActiveCfg = Release|Any CPU
		{F13EFA73-B704-4627-B678-233A810D0BB9}.Release|x86.Build.0 = Release|Any CPU
		{EFF8DBEB-CEA6-45CE-ACDF-2BC03B4DF04F}.Debug|Any CPU.ActiveCfg = Debug|Any CPU
		{EFF8DBEB-CEA6-45CE-ACDF-2BC03B4DF04F}.Debug|Any CPU.Build.0 = Debug|Any CPU
		{EFF8DBEB-CEA6-45CE-ACDF-2BC03B4DF04F}.Debug|x64.ActiveCfg = Debug|Any CPU
		{EFF8DBEB-CEA6-45CE-ACDF-2BC03B4DF04F}.Debug|x64.Build.0 = Debug|Any CPU
		{EFF8DBEB-CEA6-45CE-ACDF-2BC03B4DF04F}.Debug|x86.ActiveCfg = Debug|Any CPU
		{EFF8DBEB-CEA6-45CE-ACDF-2BC03B4DF04F}.Debug|x86.Build.0 = Debug|Any CPU
		{EFF8DBEB-CEA6-45CE-ACDF-2BC03B4DF04F}.Release|Any CPU.ActiveCfg = Release|Any CPU
		{EFF8DBEB-CEA6-45CE-ACDF-2BC03B4DF04F}.Release|Any CPU.Build.0 = Release|Any CPU
		{EFF8DBEB-CEA6-45CE-ACDF-2BC03B4DF04F}.Release|x64.ActiveCfg = Release|Any CPU
		{EFF8DBEB-CEA6-45CE-ACDF-2BC03B4DF04F}.Release|x64.Build.0 = Release|Any CPU
		{EFF8DBEB-CEA6-45CE-ACDF-2BC03B4DF04F}.Release|x86.ActiveCfg = Release|Any CPU
		{EFF8DBEB-CEA6-45CE-ACDF-2BC03B4DF04F}.Release|x86.Build.0 = Release|Any CPU
		{39692779-C3DA-4364-A210-6EE13F96850D}.Debug|Any CPU.ActiveCfg = Debug|Any CPU
		{39692779-C3DA-4364-A210-6EE13F96850D}.Debug|Any CPU.Build.0 = Debug|Any CPU
		{39692779-C3DA-4364-A210-6EE13F96850D}.Debug|x64.ActiveCfg = Debug|Any CPU
		{39692779-C3DA-4364-A210-6EE13F96850D}.Debug|x64.Build.0 = Debug|Any CPU
		{39692779-C3DA-4364-A210-6EE13F96850D}.Debug|x86.ActiveCfg = Debug|Any CPU
		{39692779-C3DA-4364-A210-6EE13F96850D}.Debug|x86.Build.0 = Debug|Any CPU
		{39692779-C3DA-4364-A210-6EE13F96850D}.Release|Any CPU.ActiveCfg = Release|Any CPU
		{39692779-C3DA-4364-A210-6EE13F96850D}.Release|Any CPU.Build.0 = Release|Any CPU
		{39692779-C3DA-4364-A210-6EE13F96850D}.Release|x64.ActiveCfg = Release|Any CPU
		{39692779-C3DA-4364-A210-6EE13F96850D}.Release|x64.Build.0 = Release|Any CPU
		{39692779-C3DA-4364-A210-6EE13F96850D}.Release|x86.ActiveCfg = Release|Any CPU
		{39692779-C3DA-4364-A210-6EE13F96850D}.Release|x86.Build.0 = Release|Any CPU
	EndGlobalSection
	GlobalSection(SolutionProperties) = preSolution
		HideSolutionNode = FALSE
	EndGlobalSection
	GlobalSection(ExtensibilityGlobals) = postSolution
		SolutionGuid = {2ED0149A-128B-4BC1-A38D-C8BC09049435}
	EndGlobalSection
EndGlobal
